// !$*UTF8*$!
{
	archiveVersion = 1;
	classes = {
	};
	objectVersion = 46;
	objects = {

/* Begin PBXBuildFile section */
		DB697C551F443C9B00351E30 /* RGB.framework in Frameworks */ = {isa = PBXBuildFile; fileRef = DB697C4B1F443C9B00351E30 /* RGB.framework */; };
		DB697C5A1F443C9B00351E30 /* RGBTests.swift in Sources */ = {isa = PBXBuildFile; fileRef = DB697C591F443C9B00351E30 /* RGBTests.swift */; };
		DB697C5C1F443C9B00351E30 /* RGB.h in Headers */ = {isa = PBXBuildFile; fileRef = DB697C4E1F443C9B00351E30 /* RGB.h */; settings = {ATTRIBUTES = (Public, ); }; };
		DB697C671F44438000351E30 /* Curry.framework in Frameworks */ = {isa = PBXBuildFile; fileRef = DB697C661F44438000351E30 /* Curry.framework */; };
		DB697C691F4443B000351E30 /* Quick.framework in Frameworks */ = {isa = PBXBuildFile; fileRef = DB697C681F4443B000351E30 /* Quick.framework */; };
		DB697C6B1F4443BA00351E30 /* Nimble.framework in Frameworks */ = {isa = PBXBuildFile; fileRef = DB697C6A1F4443BA00351E30 /* Nimble.framework */; };
/* End PBXBuildFile section */

/* Begin PBXContainerItemProxy section */
		DB697C561F443C9B00351E30 /* PBXContainerItemProxy */ = {
			isa = PBXContainerItemProxy;
			containerPortal = DB697C421F443C9B00351E30 /* Project object */;
			proxyType = 1;
			remoteGlobalIDString = DB697C4A1F443C9B00351E30;
			remoteInfo = RGB;
		};
/* End PBXContainerItemProxy section */

/* Begin PBXFileReference section */
		DB697C4B1F443C9B00351E30 /* RGB.framework */ = {isa = PBXFileReference; explicitFileType = wrapper.framework; includeInIndex = 0; path = RGB.framework; sourceTree = BUILT_PRODUCTS_DIR; };
		DB697C4E1F443C9B00351E30 /* RGB.h */ = {isa = PBXFileReference; lastKnownFileType = sourcecode.c.h; path = RGB.h; sourceTree = "<group>"; };
		DB697C4F1F443C9B00351E30 /* Info.plist */ = {isa = PBXFileReference; lastKnownFileType = text.plist.xml; path = Info.plist; sourceTree = "<group>"; };
		DB697C541F443C9B00351E30 /* RGBTests.xctest */ = {isa = PBXFileReference; explicitFileType = wrapper.cfbundle; includeInIndex = 0; path = RGBTests.xctest; sourceTree = BUILT_PRODUCTS_DIR; };
		DB697C591F443C9B00351E30 /* RGBTests.swift */ = {isa = PBXFileReference; lastKnownFileType = sourcecode.swift; path = RGBTests.swift; sourceTree = "<group>"; };
		DB697C5B1F443C9B00351E30 /* Info.plist */ = {isa = PBXFileReference; lastKnownFileType = text.plist.xml; path = Info.plist; sourceTree = "<group>"; };
		DB697C661F44438000351E30 /* Curry.framework */ = {isa = PBXFileReference; lastKnownFileType = wrapper.framework; name = Curry.framework; path = "../Carthage/Checkouts/Curry/build/Debug-iphoneos/Curry.framework"; sourceTree = "<group>"; };
		DB697C681F4443B000351E30 /* Quick.framework */ = {isa = PBXFileReference; lastKnownFileType = wrapper.framework; name = Quick.framework; path = "../Carthage/Checkouts/Quick/build/Debug-iphoneos/Quick.framework"; sourceTree = "<group>"; };
		DB697C6A1F4443BA00351E30 /* Nimble.framework */ = {isa = PBXFileReference; lastKnownFileType = wrapper.framework; name = Nimble.framework; path = "../Carthage/Checkouts/Nimble/build/Debug-iphoneos/Nimble.framework"; sourceTree = "<group>"; };
/* End PBXFileReference section */

/* Begin PBXFrameworksBuildPhase section */
		DB697C471F443C9B00351E30 /* Frameworks */ = {
			isa = PBXFrameworksBuildPhase;
			buildActionMask = 2147483647;
			files = (
				DB697C671F44438000351E30 /* Curry.framework in Frameworks */,
			);
			runOnlyForDeploymentPostprocessing = 0;
		};
		DB697C511F443C9B00351E30 /* Frameworks */ = {
			isa = PBXFrameworksBuildPhase;
			buildActionMask = 2147483647;
			files = (
				DB697C6B1F4443BA00351E30 /* Nimble.framework in Frameworks */,
				DB697C691F4443B000351E30 /* Quick.framework in Frameworks */,
				DB697C551F443C9B00351E30 /* RGB.framework in Frameworks */,
			);
			runOnlyForDeploymentPostprocessing = 0;
		};
/* End PBXFrameworksBuildPhase section */

/* Begin PBXGroup section */
		DB697C411F443C9B00351E30 = {
			isa = PBXGroup;
			children = (
				DB697C4D1F443C9B00351E30 /* RGB */,
				DB697C581F443C9B00351E30 /* RGBTests */,
				DB697C4C1F443C9B00351E30 /* Products */,
				DB697C651F44438000351E30 /* Frameworks */,
			);
			sourceTree = "<group>";
		};
		DB697C4C1F443C9B00351E30 /* Products */ = {
			isa = PBXGroup;
			children = (
				DB697C4B1F443C9B00351E30 /* RGB.framework */,
				DB697C541F443C9B00351E30 /* RGBTests.xctest */,
			);
			name = Products;
			sourceTree = "<group>";
		};
		DB697C4D1F443C9B00351E30 /* RGB */ = {
			isa = PBXGroup;
			children = (
				DB697C4E1F443C9B00351E30 /* RGB.h */,
				DB697C4F1F443C9B00351E30 /* Info.plist */,
			);
			path = RGB;
			sourceTree = "<group>";
		};
		DB697C581F443C9B00351E30 /* RGBTests */ = {
			isa = PBXGroup;
			children = (
				DB697C591F443C9B00351E30 /* RGBTests.swift */,
				DB697C5B1F443C9B00351E30 /* Info.plist */,
			);
			path = RGBTests;
			sourceTree = "<group>";
		};
		DB697C651F44438000351E30 /* Frameworks */ = {
			isa = PBXGroup;
			children = (
				DB697C6A1F4443BA00351E30 /* Nimble.framework */,
				DB697C681F4443B000351E30 /* Quick.framework */,
				DB697C661F44438000351E30 /* Curry.framework */,
			);
			name = Frameworks;
			sourceTree = "<group>";
		};
/* End PBXGroup section */

/* Begin PBXHeadersBuildPhase section */
		DB697C481F443C9B00351E30 /* Headers */ = {
			isa = PBXHeadersBuildPhase;
			buildActionMask = 2147483647;
			files = (
				DB697C5C1F443C9B00351E30 /* RGB.h in Headers */,
			);
			runOnlyForDeploymentPostprocessing = 0;
		};
/* End PBXHeadersBuildPhase section */

/* Begin PBXNativeTarget section */
		DB697C4A1F443C9B00351E30 /* RGB */ = {
			isa = PBXNativeTarget;
			buildConfigurationList = DB697C5F1F443C9B00351E30 /* Build configuration list for PBXNativeTarget "RGB" */;
			buildPhases = (
				DB697C461F443C9B00351E30 /* Sources */,
				DB697C471F443C9B00351E30 /* Frameworks */,
				DB697C481F443C9B00351E30 /* Headers */,
				DB697C491F443C9B00351E30 /* Resources */,
			);
			buildRules = (
			);
			dependencies = (
			);
			name = RGB;
			productName = RGB;
			productReference = DB697C4B1F443C9B00351E30 /* RGB.framework */;
			productType = "com.apple.product-type.framework";
		};
		DB697C531F443C9B00351E30 /* RGBTests */ = {
			isa = PBXNativeTarget;
			buildConfigurationList = DB697C621F443C9B00351E30 /* Build configuration list for PBXNativeTarget "RGBTests" */;
			buildPhases = (
				DB697C501F443C9B00351E30 /* Sources */,
				DB697C511F443C9B00351E30 /* Frameworks */,
				DB697C521F443C9B00351E30 /* Resources */,
			);
			buildRules = (
			);
			dependencies = (
				DB697C571F443C9B00351E30 /* PBXTargetDependency */,
			);
			name = RGBTests;
			productName = RGBTests;
			productReference = DB697C541F443C9B00351E30 /* RGBTests.xctest */;
			productType = "com.apple.product-type.bundle.unit-test";
		};
/* End PBXNativeTarget section */

/* Begin PBXProject section */
		DB697C421F443C9B00351E30 /* Project object */ = {
			isa = PBXProject;
			attributes = {
				LastSwiftUpdateCheck = 0830;
				LastUpgradeCheck = 0830;
				ORGANIZATIONNAME = Cookapp;
				TargetAttributes = {
					DB697C4A1F443C9B00351E30 = {
						CreatedOnToolsVersion = 8.3.3;
						DevelopmentTeam = 49NFZ3RG79;
						ProvisioningStyle = Automatic;
					};
					DB697C531F443C9B00351E30 = {
						CreatedOnToolsVersion = 8.3.3;
						DevelopmentTeam = 49NFZ3RG79;
						ProvisioningStyle = Automatic;
					};
				};
			};
			buildConfigurationList = DB697C451F443C9B00351E30 /* Build configuration list for PBXProject "RGB" */;
			compatibilityVersion = "Xcode 3.2";
			developmentRegion = English;
			hasScannedForEncodings = 0;
			knownRegions = (
				en,
			);
			mainGroup = DB697C411F443C9B00351E30;
			productRefGroup = DB697C4C1F443C9B00351E30 /* Products */;
			projectDirPath = "";
			projectRoot = "";
			targets = (
				DB697C4A1F443C9B00351E30 /* RGB */,
				DB697C531F443C9B00351E30 /* RGBTests */,
			);
		};
/* End PBXProject section */

/* Begin PBXResourcesBuildPhase section */
		DB697C491F443C9B00351E30 /* Resources */ = {
			isa = PBXResourcesBuildPhase;
			buildActionMask = 2147483647;
			files = (
			);
			runOnlyForDeploymentPostprocessing = 0;
		};
		DB697C521F443C9B00351E30 /* Resources */ = {
			isa = PBXResourcesBuildPhase;
			buildActionMask = 2147483647;
			files = (
			);
			runOnlyForDeploymentPostprocessing = 0;
		};
/* End PBXResourcesBuildPhase section */

/* Begin PBXSourcesBuildPhase section */
		DB697C461F443C9B00351E30 /* Sources */ = {
			isa = PBXSourcesBuildPhase;
			buildActionMask = 2147483647;
			files = (
			);
			runOnlyForDeploymentPostprocessing = 0;
		};
		DB697C501F443C9B00351E30 /* Sources */ = {
			isa = PBXSourcesBuildPhase;
			buildActionMask = 2147483647;
			files = (
				DB697C5A1F443C9B00351E30 /* RGBTests.swift in Sources */,
			);
			runOnlyForDeploymentPostprocessing = 0;
		};
/* End PBXSourcesBuildPhase section */

/* Begin PBXTargetDependency section */
		DB697C571F443C9B00351E30 /* PBXTargetDependency */ = {
			isa = PBXTargetDependency;
			target = DB697C4A1F443C9B00351E30 /* RGB */;
			targetProxy = DB697C561F443C9B00351E30 /* PBXContainerItemProxy */;
		};
/* End PBXTargetDependency section */

/* Begin XCBuildConfiguration section */
		DB697C5D1F443C9B00351E30 /* Debug */ = {
			isa = XCBuildConfiguration;
			buildSettings = {
				ALWAYS_SEARCH_USER_PATHS = NO;
				CLANG_ANALYZER_NONNULL = YES;
				CLANG_ANALYZER_NUMBER_OBJECT_CONVERSION = YES_AGGRESSIVE;
				CLANG_CXX_LANGUAGE_STANDARD = "gnu++0x";
				CLANG_CXX_LIBRARY = "libc++";
				CLANG_ENABLE_MODULES = YES;
				CLANG_ENABLE_OBJC_ARC = YES;
				CLANG_WARN_BOOL_CONVERSION = YES;
				CLANG_WARN_CONSTANT_CONVERSION = YES;
				CLANG_WARN_DIRECT_OBJC_ISA_USAGE = YES_ERROR;
				CLANG_WARN_DOCUMENTATION_COMMENTS = YES;
				CLANG_WARN_EMPTY_BODY = YES;
				CLANG_WARN_ENUM_CONVERSION = YES;
				CLANG_WARN_INFINITE_RECURSION = YES;
				CLANG_WARN_INT_CONVERSION = YES;
				CLANG_WARN_OBJC_ROOT_CLASS = YES_ERROR;
				CLANG_WARN_SUSPICIOUS_MOVE = YES;
				CLANG_WARN_UNREACHABLE_CODE = YES;
				CLANG_WARN__DUPLICATE_METHOD_MATCH = YES;
				"CODE_SIGN_IDENTITY[sdk=iphoneos*]" = "iPhone Developer";
				COPY_PHASE_STRIP = NO;
				CURRENT_PROJECT_VERSION = 1;
				DEBUG_INFORMATION_FORMAT = dwarf;
				ENABLE_STRICT_OBJC_MSGSEND = YES;
				ENABLE_TESTABILITY = YES;
				GCC_C_LANGUAGE_STANDARD = gnu99;
				GCC_DYNAMIC_NO_PIC = NO;
				GCC_NO_COMMON_BLOCKS = YES;
				GCC_OPTIMIZATION_LEVEL = 0;
				GCC_PREPROCESSOR_DEFINITIONS = (
					"DEBUG=1",
					"$(inherited)",
				);
				GCC_WARN_64_TO_32_BIT_CONVERSION = YES;
				GCC_WARN_ABOUT_RETURN_TYPE = YES_ERROR;
				GCC_WARN_UNDECLARED_SELECTOR = YES;
				GCC_WARN_UNINITIALIZED_AUTOS = YES_AGGRESSIVE;
				GCC_WARN_UNUSED_FUNCTION = YES;
				GCC_WARN_UNUSED_VARIABLE = YES;
				IPHONEOS_DEPLOYMENT_TARGET = 10.3;
				MTL_ENABLE_DEBUG_INFO = YES;
				ONLY_ACTIVE_ARCH = YES;
				SDKROOT = iphoneos;
				SWIFT_ACTIVE_COMPILATION_CONDITIONS = DEBUG;
				SWIFT_OPTIMIZATION_LEVEL = "-Onone";
				TARGETED_DEVICE_FAMILY = "1,2";
				VERSIONING_SYSTEM = "apple-generic";
				VERSION_INFO_PREFIX = "";
			};
			name = Debug;
		};
		DB697C5E1F443C9B00351E30 /* Release */ = {
			isa = XCBuildConfiguration;
			buildSettings = {
				ALWAYS_SEARCH_USER_PATHS = NO;
				CLANG_ANALYZER_NONNULL = YES;
				CLANG_ANALYZER_NUMBER_OBJECT_CONVERSION = YES_AGGRESSIVE;
				CLANG_CXX_LANGUAGE_STANDARD = "gnu++0x";
				CLANG_CXX_LIBRARY = "libc++";
				CLANG_ENABLE_MODULES = YES;
				CLANG_ENABLE_OBJC_ARC = YES;
				CLANG_WARN_BOOL_CONVERSION = YES;
				CLANG_WARN_CONSTANT_CONVERSION = YES;
				CLANG_WARN_DIRECT_OBJC_ISA_USAGE = YES_ERROR;
				CLANG_WARN_DOCUMENTATION_COMMENTS = YES;
				CLANG_WARN_EMPTY_BODY = YES;
				CLANG_WARN_ENUM_CONVERSION = YES;
				CLANG_WARN_INFINITE_RECURSION = YES;
				CLANG_WARN_INT_CONVERSION = YES;
				CLANG_WARN_OBJC_ROOT_CLASS = YES_ERROR;
				CLANG_WARN_SUSPICIOUS_MOVE = YES;
				CLANG_WARN_UNREACHABLE_CODE = YES;
				CLANG_WARN__DUPLICATE_METHOD_MATCH = YES;
				"CODE_SIGN_IDENTITY[sdk=iphoneos*]" = "iPhone Developer";
				COPY_PHASE_STRIP = NO;
				CURRENT_PROJECT_VERSION = 1;
				DEBUG_INFORMATION_FORMAT = "dwarf-with-dsym";
				ENABLE_NS_ASSERTIONS = NO;
				ENABLE_STRICT_OBJC_MSGSEND = YES;
				GCC_C_LANGUAGE_STANDARD = gnu99;
				GCC_NO_COMMON_BLOCKS = YES;
				GCC_WARN_64_TO_32_BIT_CONVERSION = YES;
				GCC_WARN_ABOUT_RETURN_TYPE = YES_ERROR;
				GCC_WARN_UNDECLARED_SELECTOR = YES;
				GCC_WARN_UNINITIALIZED_AUTOS = YES_AGGRESSIVE;
				GCC_WARN_UNUSED_FUNCTION = YES;
				GCC_WARN_UNUSED_VARIABLE = YES;
				IPHONEOS_DEPLOYMENT_TARGET = 10.3;
				MTL_ENABLE_DEBUG_INFO = NO;
				SDKROOT = iphoneos;
				SWIFT_OPTIMIZATION_LEVEL = "-Owholemodule";
				TARGETED_DEVICE_FAMILY = "1,2";
				VALIDATE_PRODUCT = YES;
				VERSIONING_SYSTEM = "apple-generic";
				VERSION_INFO_PREFIX = "";
			};
			name = Release;
		};
		DB697C601F443C9B00351E30 /* Debug */ = {
			isa = XCBuildConfiguration;
			buildSettings = {
				CODE_SIGN_IDENTITY = "";
				DEFINES_MODULE = YES;
				DEVELOPMENT_TEAM = 49NFZ3RG79;
				DYLIB_COMPATIBILITY_VERSION = 1;
				DYLIB_CURRENT_VERSION = 1;
				DYLIB_INSTALL_NAME_BASE = "@rpath";
				INFOPLIST_FILE = RGB/Info.plist;
				INSTALL_PATH = "$(LOCAL_LIBRARY_DIR)/Frameworks";
				LD_RUNPATH_SEARCH_PATHS = "$(inherited) @executable_path/Frameworks @loader_path/Frameworks";
				PRODUCT_BUNDLE_IDENTIFIER = Ismael.RGB;
				PRODUCT_NAME = "$(TARGET_NAME)";
				SKIP_INSTALL = YES;
				SWIFT_VERSION = 3.0;
			};
			name = Debug;
		};
		DB697C611F443C9B00351E30 /* Release */ = {
			isa = XCBuildConfiguration;
			buildSettings = {
				CODE_SIGN_IDENTITY = "";
				DEFINES_MODULE = YES;
				DEVELOPMENT_TEAM = 49NFZ3RG79;
				DYLIB_COMPATIBILITY_VERSION = 1;
				DYLIB_CURRENT_VERSION = 1;
				DYLIB_INSTALL_NAME_BASE = "@rpath";
				INFOPLIST_FILE = RGB/Info.plist;
				INSTALL_PATH = "$(LOCAL_LIBRARY_DIR)/Frameworks";
				LD_RUNPATH_SEARCH_PATHS = "$(inherited) @executable_path/Frameworks @loader_path/Frameworks";
				PRODUCT_BUNDLE_IDENTIFIER = Ismael.RGB;
				PRODUCT_NAME = "$(TARGET_NAME)";
				SKIP_INSTALL = YES;
				SWIFT_VERSION = 3.0;
			};
			name = Release;
		};
		DB697C631F443C9B00351E30 /* Debug */ = {
			isa = XCBuildConfiguration;
			buildSettings = {
				DEVELOPMENT_TEAM = 49NFZ3RG79;
				INFOPLIST_FILE = RGBTests/Info.plist;
				LD_RUNPATH_SEARCH_PATHS = "$(inherited) @executable_path/Frameworks @loader_path/Frameworks";
				PRODUCT_BUNDLE_IDENTIFIER = Ismael.RGBTests;
				PRODUCT_NAME = "$(TARGET_NAME)";
				SWIFT_VERSION = 3.0;
			};
			name = Debug;
		};
		DB697C641F443C9B00351E30 /* Release */ = {
			isa = XCBuildConfiguration;
			buildSettings = {
				DEVELOPMENT_TEAM = 49NFZ3RG79;
				INFOPLIST_FILE = RGBTests/Info.plist;
				LD_RUNPATH_SEARCH_PATHS = "$(inherited) @executable_path/Frameworks @loader_path/Frameworks";
				PRODUCT_BUNDLE_IDENTIFIER = Ismael.RGBTests;
				PRODUCT_NAME = "$(TARGET_NAME)";
				SWIFT_VERSION = 3.0;
			};
			name = Release;
		};
/* End XCBuildConfiguration section */

/* Begin XCConfigurationList section */
		DB697C451F443C9B00351E30 /* Build configuration list for PBXProject "RGB" */ = {
			isa = XCConfigurationList;
			buildConfigurations = (
				DB697C5D1F443C9B00351E30 /* Debug */,
				DB697C5E1F443C9B00351E30 /* Release */,
			);
			defaultConfigurationIsVisible = 0;
			defaultConfigurationName = Release;
		};
		DB697C5F1F443C9B00351E30 /* Build configuration list for PBXNativeTarget "RGB" */ = {
			isa = XCConfigurationList;
			buildConfigurations = (
				DB697C601F443C9B00351E30 /* Debug */,
				DB697C611F443C9B00351E30 /* Release */,
			);
			defaultConfigurationIsVisible = 0;
			defaultConfigurationName = Release;
		};
		DB697C621F443C9B00351E30 /* Build configuration list for PBXNativeTarget "RGBTests" */ = {
			isa = XCConfigurationList;
			buildConfigurations = (
				DB697C631F443C9B00351E30 /* Debug */,
				DB697C641F443C9B00351E30 /* Release */,
			);
			defaultConfigurationIsVisible = 0;
			defaultConfigurationName = Release;
		};
/* End XCConfigurationList section */
	};
	rootObject = DB697C421F443C9B00351E30 /* Project object */;
}
